# This file is automatically @generated by Cargo.
# It is not intended for manual editing.
version = 4

[[package]]
name = "patina_paging"
version = "8.0.4"
source = "sparse+https://pkgs.dev.azure.com/patina-fw/artifacts/_packaging/temporary/Cargo/index/"
checksum = "d46c054685c3a00b52ff83d7c16421b21cc36ff4378b7da16cd8cb1769b47861"
dependencies = [
 "bitfield-struct",
 "bitflags 2.9.1",
 "cfg-if",
 "log",
]
